
Microsoft Visual Studio Solution File, Format Version 12.00
# Visual Studio Version 17
VisualStudioVersion = 17.4.33213.308
MinimumVisualStudioVersion = 10.0.40219.1
Project("{FAE04EC0-301F-11D3-BF4B-00C04F79EFBC}") = "testimage", "testimage\testimage.csproj", "{03CFFCEB-8611-433F-94AF-DEEAF1909B23}"
EndProject
Global
	GlobalSection(SolutionConfigurationPlatforms) = preSolution
		Debug|Any CPU = Debug|Any CPU
		Release|Any CPU = Release|Any CPU
	EndGlobalSection
	GlobalSection(ProjectConfigurationPlatforms) = postSolution
		{03CFFCEB-8611-433F-94AF-DEEAF1909B23}.Debug|Any CPU.ActiveCfg = Debug|Any CPU
		{03CFFCEB-8611-433F-94AF-DEEAF1909B23}.Debug|Any CPU.Build.0 = Debug|Any CPU
		{03CFFCEB-8611-433F-94AF-DEEAF1909B23}.Release|Any CPU.ActiveCfg = Release|Any CPU
		{03CFFCEB-8611-433F-94AF-DEEAF1909B23}.Release|Any CPU.Build.0 = Release|Any CPU
	EndGlobalSection
	GlobalSection(SolutionProperties) = preSolution
		HideSolutionNode = FALSE
	EndGlobalSection
	GlobalSection(ExtensibilityGlobals) = postSolution
		SolutionGuid = {452E2526-F3FD-4376-80A9-D2C661E61B80}
	EndGlobalSection
EndGlobal
